
Microsoft Visual Studio Solution File, Format Version 12.00
# Visual Studio Version 17
VisualStudioVersion = 17.8.34316.72
MinimumVisualStudioVersion = 10.0.40219.1
Project("{FAE04EC0-301F-11D3-BF4B-00C04F79EFBC}") = "LUMINET", "LUMINET\LUMINET.csproj", "{B1E61CCB-7AD9-4DAD-A87A-42E824A554DF}"
EndProject
Global
	GlobalSection(SolutionConfigurationPlatforms) = preSolution
		Debug|Any CPU = Debug|Any CPU
		Debug|x64 = Debug|x64
		Debug|x86 = Debug|x86
		Release|Any CPU = Release|Any CPU
		Release|x64 = Release|x64
		Release|x86 = Release|x86
	EndGlobalSection
	GlobalSection(ProjectConfigurationPlatforms) = postSolution
		{B1E61CCB-7AD9-4DAD-A87A-42E824A554DF}.Debug|Any CPU.ActiveCfg = Debug|Any CPU
		{B1E61CCB-7AD9-4DAD-A87A-42E824A554DF}.Debug|Any CPU.Build.0 = Debug|Any CPU
		{B1E61CCB-7AD9-4DAD-A87A-42E824A554DF}.Debug|x64.ActiveCfg = Debug|x64
		{B1E61CCB-7AD9-4DAD-A87A-42E824A554DF}.Debug|x64.Build.0 = Debug|x64
		{B1E61CCB-7AD9-4DAD-A87A-42E824A554DF}.Debug|x86.ActiveCfg = Debug|x64
		{B1E61CCB-7AD9-4DAD-A87A-42E824A554DF}.Debug|x86.Build.0 = Debug|x64
		{B1E61CCB-7AD9-4DAD-A87A-42E824A554DF}.Release|Any CPU.ActiveCfg = Release|Any CPU
		{B1E61CCB-7AD9-4DAD-A87A-42E824A554DF}.Release|Any CPU.Build.0 = Release|Any CPU
		{B1E61CCB-7AD9-4DAD-A87A-42E824A554DF}.Release|x64.ActiveCfg = Release|x64
		{B1E61CCB-7AD9-4DAD-A87A-42E824A554DF}.Release|x64.Build.0 = Release|x64
		{B1E61CCB-7AD9-4DAD-A87A-42E824A554DF}.Release|x86.ActiveCfg = Release|x86
		{B1E61CCB-7AD9-4DAD-A87A-42E824A554DF}.Release|x86.Build.0 = Release|x86
	EndGlobalSection
	GlobalSection(SolutionProperties) = preSolution
		HideSolutionNode = FALSE
	EndGlobalSection
	GlobalSection(ExtensibilityGlobals) = postSolution
		SolutionGuid = {C287A532-35AF-499A-9E24-89F8E583D5D3}
	EndGlobalSection
EndGlobal
